
Microsoft Visual Studio Solution File, Format Version 12.00
Project("{FAE04EC0-301F-11D3-BF4B-00C04F79EFBC}") = "DiscordLab.Bot", "DiscordLab.Bot\DiscordLab.Bot.csproj", "{092A4D07-4DB9-4FB2-86F1-27ED3E252DAE}"
EndProject
Project("{FAE04EC0-301F-11D3-BF4B-00C04F79EFBC}") = "DiscordLab.BotStatus", "DiscordLab.BotStatus\DiscordLab.BotStatus.csproj", "{AFB30C66-D090-45A2-AEFD-2569001B3BCF}"
EndProject
Project("{FAE04EC0-301F-11D3-BF4B-00C04F79EFBC}") = "DiscordLab.StatusChannel", "DiscordLab.StatusChannel\DiscordLab.StatusChannel.csproj", "{ABCBB56D-E03B-4BBF-AA36-9D0365BF4977}"
EndProject
Project("{FAE04EC0-301F-11D3-BF4B-00C04F79EFBC}") = "DiscordLab.RoundLogs", "DiscordLab.RoundLogs\DiscordLab.RoundLogs.csproj", "{BD3D7907-FBF0-4D65-9E7E-2181FE34C378}"
EndProject
Project("{FAE04EC0-301F-11D3-BF4B-00C04F79EFBC}") = "DiscordLab.Administration", "DiscordLab.Administration\DiscordLab.Administration.csproj", "{EBEFD775-9E12-4F8E-9C9E-948611703EDA}"
EndProject
Project("{FAE04EC0-301F-11D3-BF4B-00C04F79EFBC}") = "DiscordLab.Moderation", "DiscordLab.Moderation\DiscordLab.Moderation.csproj", "{6806DFF9-8907-49F0-B727-67AF6BD35844}"
EndProject
Project("{FAE04EC0-301F-11D3-BF4B-00C04F79EFBC}") = "DiscordLab.ConnectionLogs", "DiscordLab.ConnectionLogs\DiscordLab.ConnectionLogs.csproj", "{61AA3C8B-1907-4632-92F2-47B6F2CBF49B}"
EndProject
Project("{FAE04EC0-301F-11D3-BF4B-00C04F79EFBC}") = "DiscordLab.DeathLogs", "DiscordLab.DeathLogs\DiscordLab.DeathLogs.csproj", "{35D1EB24-04BB-47F9-ACAC-2E6BFA695EC3}"
EndProject
Project("{FAE04EC0-301F-11D3-BF4B-00C04F79EFBC}") = "DiscordLab.Dependency", "DiscordLab.Dependency\DiscordLab.Dependency.csproj", "{77A6BBBD-8A7D-4EBF-969F-F9FCDEE52F9F}"
EndProject
Global
	GlobalSection(SolutionConfigurationPlatforms) = preSolution
		Debug|Any CPU = Debug|Any CPU
		Release|Any CPU = Release|Any CPU
	EndGlobalSection
	GlobalSection(ProjectConfigurationPlatforms) = postSolution
		{092A4D07-4DB9-4FB2-86F1-27ED3E252DAE}.Debug|Any CPU.ActiveCfg = Debug|Any CPU
		{092A4D07-4DB9-4FB2-86F1-27ED3E252DAE}.Debug|Any CPU.Build.0 = Debug|Any CPU
		{092A4D07-4DB9-4FB2-86F1-27ED3E252DAE}.Release|Any CPU.ActiveCfg = Release|Any CPU
		{092A4D07-4DB9-4FB2-86F1-27ED3E252DAE}.Release|Any CPU.Build.0 = Release|Any CPU
		{AFB30C66-D090-45A2-AEFD-2569001B3BCF}.Debug|Any CPU.ActiveCfg = Debug|Any CPU
		{AFB30C66-D090-45A2-AEFD-2569001B3BCF}.Debug|Any CPU.Build.0 = Debug|Any CPU
		{AFB30C66-D090-45A2-AEFD-2569001B3BCF}.Release|Any CPU.ActiveCfg = Release|Any CPU
		{AFB30C66-D090-45A2-AEFD-2569001B3BCF}.Release|Any CPU.Build.0 = Release|Any CPU
		{ABCBB56D-E03B-4BBF-AA36-9D0365BF4977}.Debug|Any CPU.ActiveCfg = Debug|Any CPU
		{ABCBB56D-E03B-4BBF-AA36-9D0365BF4977}.Debug|Any CPU.Build.0 = Debug|Any CPU
		{ABCBB56D-E03B-4BBF-AA36-9D0365BF4977}.Release|Any CPU.ActiveCfg = Release|Any CPU
		{ABCBB56D-E03B-4BBF-AA36-9D0365BF4977}.Release|Any CPU.Build.0 = Release|Any CPU
		{BD3D7907-FBF0-4D65-9E7E-2181FE34C378}.Debug|Any CPU.ActiveCfg = Debug|Any CPU
		{BD3D7907-FBF0-4D65-9E7E-2181FE34C378}.Debug|Any CPU.Build.0 = Debug|Any CPU
		{BD3D7907-FBF0-4D65-9E7E-2181FE34C378}.Release|Any CPU.ActiveCfg = Release|Any CPU
		{BD3D7907-FBF0-4D65-9E7E-2181FE34C378}.Release|Any CPU.Build.0 = Release|Any CPU
		{EBEFD775-9E12-4F8E-9C9E-948611703EDA}.Debug|Any CPU.ActiveCfg = Debug|Any CPU
		{EBEFD775-9E12-4F8E-9C9E-948611703EDA}.Debug|Any CPU.Build.0 = Debug|Any CPU
		{EBEFD775-9E12-4F8E-9C9E-948611703EDA}.Release|Any CPU.ActiveCfg = Release|Any CPU
		{EBEFD775-9E12-4F8E-9C9E-948611703EDA}.Release|Any CPU.Build.0 = Release|Any CPU
		{6806DFF9-8907-49F0-B727-67AF6BD35844}.Debug|Any CPU.ActiveCfg = Debug|Any CPU
		{6806DFF9-8907-49F0-B727-67AF6BD35844}.Debug|Any CPU.Build.0 = Debug|Any CPU
		{6806DFF9-8907-49F0-B727-67AF6BD35844}.Release|Any CPU.ActiveCfg = Release|Any CPU
		{6806DFF9-8907-49F0-B727-67AF6BD35844}.Release|Any CPU.Build.0 = Release|Any CPU
		{61AA3C8B-1907-4632-92F2-47B6F2CBF49B}.Debug|Any CPU.ActiveCfg = Debug|Any CPU
		{61AA3C8B-1907-4632-92F2-47B6F2CBF49B}.Debug|Any CPU.Build.0 = Debug|Any CPU
		{61AA3C8B-1907-4632-92F2-47B6F2CBF49B}.Release|Any CPU.ActiveCfg = Release|Any CPU
		{61AA3C8B-1907-4632-92F2-47B6F2CBF49B}.Release|Any CPU.Build.0 = Release|Any CPU
		{35D1EB24-04BB-47F9-ACAC-2E6BFA695EC3}.Debug|Any CPU.ActiveCfg = Debug|Any CPU
		{35D1EB24-04BB-47F9-ACAC-2E6BFA695EC3}.Debug|Any CPU.Build.0 = Debug|Any CPU
		{35D1EB24-04BB-47F9-ACAC-2E6BFA695EC3}.Release|Any CPU.ActiveCfg = Release|Any CPU
		{35D1EB24-04BB-47F9-ACAC-2E6BFA695EC3}.Release|Any CPU.Build.0 = Release|Any CPU
		{77A6BBBD-8A7D-4EBF-969F-F9FCDEE52F9F}.Debug|Any CPU.ActiveCfg = Debug|Any CPU
		{77A6BBBD-8A7D-4EBF-969F-F9FCDEE52F9F}.Debug|Any CPU.Build.0 = Debug|Any CPU
		{77A6BBBD-8A7D-4EBF-969F-F9FCDEE52F9F}.Release|Any CPU.ActiveCfg = Release|Any CPU
		{77A6BBBD-8A7D-4EBF-969F-F9FCDEE52F9F}.Release|Any CPU.Build.0 = Release|Any CPU
	EndGlobalSection
EndGlobal
